
Microsoft Visual Studio Solution File, Format Version 12.00
# Visual Studio Version 17
VisualStudioVersion = 17.10.34928.147
MinimumVisualStudioVersion = 10.0.40219.1
Project("{9A19103F-16F7-4668-BE54-9A1E7A4F7556}") = "FraudDetectionEngine", "FraudDetectionEngine\FraudDetectionEngine.csproj", "{D3DB2FE3-B36D-4B9A-A2BB-8E0804EFEAC0}"
EndProject
Project("{FAE04EC0-301F-11D3-BF4B-00C04F79EFBC}") = "FraudDetectionApi", "FraudDetectionApi\FraudDetectionApi.csproj", "{0ADC3ED5-C3D5-4A0E-8734-78DD827B42C3}"
EndProject
Project("{FAE04EC0-301F-11D3-BF4B-00C04F79EFBC}") = "FraudDetectionWeb", "FraudDetectionWeb\FraudDetectionWeb.csproj", "{43765DB2-29C5-4703-9FA3-BFF976F06080}"
EndProject
Global
	GlobalSection(SolutionConfigurationPlatforms) = preSolution
		Debug|Any CPU = Debug|Any CPU
		Release|Any CPU = Release|Any CPU
	EndGlobalSection
	GlobalSection(ProjectConfigurationPlatforms) = postSolution
		{D3DB2FE3-B36D-4B9A-A2BB-8E0804EFEAC0}.Debug|Any CPU.ActiveCfg = Debug|Any CPU
		{D3DB2FE3-B36D-4B9A-A2BB-8E0804EFEAC0}.Debug|Any CPU.Build.0 = Debug|Any CPU
		{D3DB2FE3-B36D-4B9A-A2BB-8E0804EFEAC0}.Release|Any CPU.ActiveCfg = Release|Any CPU
		{D3DB2FE3-B36D-4B9A-A2BB-8E0804EFEAC0}.Release|Any CPU.Build.0 = Release|Any CPU
		{0ADC3ED5-C3D5-4A0E-8734-78DD827B42C3}.Debug|Any CPU.ActiveCfg = Debug|Any CPU
		{0ADC3ED5-C3D5-4A0E-8734-78DD827B42C3}.Debug|Any CPU.Build.0 = Debug|Any CPU
		{0ADC3ED5-C3D5-4A0E-8734-78DD827B42C3}.Release|Any CPU.ActiveCfg = Release|Any CPU
		{0ADC3ED5-C3D5-4A0E-8734-78DD827B42C3}.Release|Any CPU.Build.0 = Release|Any CPU
		{43765DB2-29C5-4703-9FA3-BFF976F06080}.Debug|Any CPU.ActiveCfg = Debug|Any CPU
		{43765DB2-29C5-4703-9FA3-BFF976F06080}.Debug|Any CPU.Build.0 = Debug|Any CPU
		{43765DB2-29C5-4703-9FA3-BFF976F06080}.Release|Any CPU.ActiveCfg = Release|Any CPU
		{43765DB2-29C5-4703-9FA3-BFF976F06080}.Release|Any CPU.Build.0 = Release|Any CPU
	EndGlobalSection
	GlobalSection(SolutionProperties) = preSolution
		HideSolutionNode = FALSE
	EndGlobalSection
	GlobalSection(ExtensibilityGlobals) = postSolution
		SolutionGuid = {B5B79CFE-4A44-4C83-8095-19ADDD72F5BC}
	EndGlobalSection
EndGlobal
